# THIS IS AN AUTOGENERATED FILE. DO NOT EDIT THIS FILE DIRECTLY.
# yarn lockfile v1


"@axe-core/playwright@^4.12.1":
  version "4.12.1"
  resolved "https://ms-feed-2.pkgs.visualstudio.com/1es-public/_packaging/npm-public/npm/registry/@axe-core/playwright/-/playwright-4.12.1.tgz#4a14cd41eecc1ff01edcdc3db12a2e88acd34180"
  integrity sha1-ShTNQe7MH/Ae3Nw9sSouiKzTQYA=
  dependencies:
    axe-core "~4.12.1"

"@playwright/test@^1.61.1":
  version "1.61.1"
  resolved "https://ms-feed-12.pkgs.visualstudio.com/1es-public/_packaging/npm-public/npm/registry/@playwright/test/-/test-1.61.1.tgz#48568dc22af7819e55fa5e8e3bc79b7e6a3e6675"
  integrity sha1-SFaNwir3gZ5V+l6OO8ebfmo+ZnU=
  dependencies:
    playwright "1.61.1"

"@puppeteer/browsers@^2.1.0":
  version "2.13.2"
  resolved "https://ms-feed-25.pkgs.visualstudio.com/1es-public/_packaging/npm-public/npm/registry/@puppeteer/browsers/-/browsers-2.13.2.tgz#dcc8e7a4545d9680a8a72c53f132e80afc582284"
  integrity sha1-3MjnpFRdloCopyxT8TLoCvxYIoQ=
  dependencies:
    debug "^4.4.3"
    extract-zip "^2.0.1"
    progress "^2.0.3"
    proxy-agent "^6.5.0"
    semver "^7.7.4"
    tar-fs "^3.1.1"
    yargs "^17.7.2"

"@tootallnate/quickjs-emscripten@^0.23.0":
  version "0.23.0"
  resolved "https://ms-feed-12.pkgs.visualstudio.com/1es-public/_packaging/npm-public/npm/registry/@tootallnate/quickjs-emscripten/-/quickjs-emscripten-0.23.0.tgz#db4ecfd499a9765ab24002c3b696d02e6d32a12c"
  integrity sha1-207P1JmpdlqyQALDtpbQLm0yoSw=

"@types/node@*":
  version "26.1.1"
  resolved "https://ms-feed-2.pkgs.visualstudio.com/1es-public/_packaging/npm-public/npm/registry/@types/node/-/node-26.1.1.tgz#bad758d601e97d6cf457d204ee76a35fce7bd119"
  integrity sha1-utdY1gHpfWz0V9IE7najX8570Rk=
  dependencies:
    undici-types "~8.3.0"

"@types/node@^20.19.43":
  version "20.19.43"
  resolved "https://ms-feed-2.pkgs.visualstudio.com/1es-public/_packaging/npm-public/npm/registry/@types/node/-/node-20.19.43.tgz#fcecf580ba42a0db55cf404c372c97973c376c97"
  integrity sha1-/Oz1gLpCoNtVz0BMNyyXlzw3bJc=
  dependencies:
    undici-types "~6.21.0"

"@types/sarif@>=2.1.1 <=2.1.8":
  version "2.1.7"
  resolved "https://ms-feed-12.pkgs.visualstudio.com/1es-public/_packaging/npm-public/npm/registry/@types/sarif/-/sarif-2.1.7.tgz#dab4d16ba7568e9846c454a8764f33c5d98e5524"
  integrity sha1-2rTRa6dWjphGxFSodk8zxdmOVSQ=

"@types/yauzl@^2.9.1":
  version "2.10.3"
  resolved "https://ms-feed-25.pkgs.visualstudio.com/1es-public/_packaging/npm-public/npm/registry/@types/yauzl/-/yauzl-2.10.3.tgz#e9b2808b4f109504a03cda958259876f61017999"
  integrity sha1-6bKAi08QlQSgPNqVglmHb2EBeZk=
  dependencies:
    "@types/node" "*"

agent-base@^7.1.0, agent-base@^7.1.2:
  version "7.1.4"
  resolved "https://ms-feed-12.pkgs.visualstudio.com/1es-public/_packaging/npm-public/npm/registry/agent-base/-/agent-base-7.1.4.tgz#e3cd76d4c548ee895d3c3fd8dc1f6c5b9032e7a8"
  integrity sha1-48121MVI7oldPD/Y3B9sW5Ay56g=

ansi-regex@^5.0.1:
  version "5.0.1"
  resolved "https://ms-feed-2.pkgs.visualstudio.com/1es-public/_packaging/npm-public/npm/registry/ansi-regex/-/ansi-regex-5.0.1.tgz#082cb2c89c9fe8659a311a53bd6a4dc5301db304"
  integrity sha1-CCyyyJyf6GWaMRpTvWpNxTAdswQ=

ansi-styles@^4.0.0:
  version "4.3.0"
  resolved "https://ms-feed-25.pkgs.visualstudio.com/1es-public/_packaging/npm-public/npm/registry/ansi-styles/-/ansi-styles-4.3.0.tgz#edd803628ae71c04c85ae7a0906edad34b648937"
  integrity sha1-7dgDYornHATIWuegkG7a00tkiTc=
  dependencies:
    color-convert "^2.0.1"

ast-types@^0.13.4:
  version "0.13.4"
  resolved "https://ms-feed-2.pkgs.visualstudio.com/1es-public/_packaging/npm-public/npm/registry/ast-types/-/ast-types-0.13.4.tgz#ee0d77b343263965ecc3fb62da16e7222b2b6782"
  integrity sha1-7g13s0MmOWXsw/ti2hbnIisrZ4I=
  dependencies:
    tslib "^2.0.1"

"axe-core@^3.2.2 || ^4.0.0", axe-core@~4.12.1:
  version "4.12.1"
  resolved "https://ms-feed-2.pkgs.visualstudio.com/1es-public/_packaging/npm-public/npm/registry/axe-core/-/axe-core-4.12.1.tgz#69fe2bf6dfc0b24973af91b1d8e945f79e1b7c44"
  integrity sha1-af4r9t/Asklzr5Gx2OlF954bfEQ=

axe-sarif-converter@^3.1.0:
  version "3.1.0"
  resolved "https://ms-feed-25.pkgs.visualstudio.com/1es-public/_packaging/npm-public/npm/registry/axe-sarif-converter/-/axe-sarif-converter-3.1.0.tgz#1c0e3337704ee1cb8f361cab707da6cbbbfb569c"
  integrity sha1-HA4zN3BO4cuPNhyrcH2my7v7Vpw=
  dependencies:
    "@puppeteer/browsers" "^2.1.0"
    "@types/sarif" ">=2.1.1 <=2.1.8"
    axe-core "^3.2.2 || ^4.0.0"
    yargs "^17.0.0"

b4a@^1.6.4, b4a@^1.8.1:
  version "1.8.1"
  resolved "https://ms-feed-25.pkgs.visualstudio.com/1es-public/_packaging/npm-public/npm/registry/b4a/-/b4a-1.8.1.tgz#7f16334ca80127aeb26064a28841acbf174840a4"
  integrity sha1-fxYzTKgBJ66yYGSiiEGsvxdIQKQ=

bare-events@^2.5.4, bare-events@^2.7.0:
  version "2.9.1"
  resolved "https://ms-feed-25.pkgs.visualstudio.com/1es-public/_packaging/npm-public/npm/registry/bare-events/-/bare-events-2.9.1.tgz#5c86616966343bcb03a1b3155feab253eadbf349"
  integrity sha1-XIZhaWY0O8sDobMVX+qyU+rb80k=

bare-fs@^4.0.1, bare-fs@^4.5.5:
  version "4.7.4"
  resolved "https://ms-feed-2.pkgs.visualstudio.com/1es-public/_packaging/npm-public/npm/registry/bare-fs/-/bare-fs-4.7.4.tgz#435087d42477f067eddf3c2c746e74e9db6177bc"
  integrity sha1-Q1CH1CR38Gft3zwsdG506dthd7w=
  dependencies:
    bare-events "^2.5.4"
    bare-path "^3.0.0"
    bare-stream "^2.6.4"
    bare-url "^2.2.2"
    fast-fifo "^1.3.2"

bare-path@^3.0.0:
  version "3.1.1"
  resolved "https://ms-feed-25.pkgs.visualstudio.com/1es-public/_packaging/npm-public/npm/registry/bare-path/-/bare-path-3.1.1.tgz#d4a207c088609b4663a7556a46a97342398bf7e2"
  integrity sha1-1KIHwIhgm0Zjp1VqRqlzQjmL9+I=

bare-stream@^2.6.4:
  version "2.13.3"
  resolved "https://ms-feed-12.pkgs.visualstudio.com/1es-public/_packaging/npm-public/npm/registry/bare-stream/-/bare-stream-2.13.3.tgz#f6186c7cbb4bbf53a4560f35e48b16373ba51ce6"
  integrity sha1-9hhsfLtLv1OkVg815IsWNzulHOY=
  dependencies:
    b4a "^1.8.1"
    streamx "^2.25.0"
    teex "^1.0.1"

bare-url@^2.2.2:
  version "2.4.5"
  resolved "https://ms-feed-25.pkgs.visualstudio.com/1es-public/_packaging/npm-public/npm/registry/bare-url/-/bare-url-2.4.5.tgz#50d205f8f2724eec60fd091ba9cebd675fca63aa"
  integrity sha1-UNIF+PJyTuxg/Qkbqc69Z1/KY6o=
  dependencies:
    bare-path "^3.0.0"

basic-ftp@^5.0.2:
  version "5.3.1"
  resolved "https://ms-feed-25.pkgs.visualstudio.com/1es-public/_packaging/npm-public/npm/registry/basic-ftp/-/basic-ftp-5.3.1.tgz#3148ee9af43c0522514a4f973fecb1d3cbb6d71e"
  integrity sha1-MUjumvQ8BSJRSk+XP+yx08u21x4=

buffer-crc32@~0.2.3:
  version "0.2.13"
  resolved "https://ms-feed-12.pkgs.visualstudio.com/1es-public/_packaging/npm-public/npm/registry/buffer-crc32/-/buffer-crc32-0.2.13.tgz#0d333e3f00eac50aa1454abd30ef8c2a5d9a7242"
  integrity sha1-DTM+PwDqxQqhRUq9MO+MKl2ackI=

cliui@^8.0.1:
  version "8.0.1"
  resolved "https://ms-feed-25.pkgs.visualstudio.com/1es-public/_packaging/npm-public/npm/registry/cliui/-/cliui-8.0.1.tgz#0c04b075db02cbfe60dc8e6cf2f5486b1a3608aa"
  integrity sha1-DASwddsCy/5g3I5s8vVIaxo2CKo=
  dependencies:
    string-width "^4.2.0"
    strip-ansi "^6.0.1"
    wrap-ansi "^7.0.0"

color-convert@^2.0.1:
  version "2.0.1"
  resolved "https://ms-feed-12.pkgs.visualstudio.com/1es-public/_packaging/npm-public/npm/registry/color-convert/-/color-convert-2.0.1.tgz#72d3a68d598c9bdb3af2ad1e84f21d896abd4de3"
  integrity sha1-ctOmjVmMm9s68q0ehPIdiWq9TeM=
  dependencies:
    color-name "~1.1.4"

color-name@~1.1.4:
  version "1.1.4"
  resolved "https://ms-feed-2.pkgs.visualstudio.com/1es-public/_packaging/npm-public/npm/registry/color-name/-/color-name-1.1.4.tgz#c2a09a87acbde69543de6f63fa3995c826c536a2"
  integrity sha1-wqCah6y95pVD3m9j+jmVyCbFNqI=

data-uri-to-buffer@^6.0.2:
  version "6.0.2"
  resolved "https://ms-feed-25.pkgs.visualstudio.com/1es-public/_packaging/npm-public/npm/registry/data-uri-to-buffer/-/data-uri-to-buffer-6.0.2.tgz#8a58bb67384b261a38ef18bea1810cb01badd28b"
  integrity sha1-ili7ZzhLJho47xi+oYEMsBut0os=

debug@4, debug@^4.1.1, debug@^4.3.4, debug@^4.4.3:
  version "4.4.3"
  resolved "https://ms-feed-25.pkgs.visualstudio.com/1es-public/_packaging/npm-public/npm/registry/debug/-/debug-4.4.3.tgz#c6ae432d9bd9662582fce08709b038c58e9e3d6a"
  integrity sha1-xq5DLZvZZiWC/OCHCbA4xY6ePWo=
  dependencies:
    ms "^2.1.3"

degenerator@^5.0.0:
  version "5.0.1"
  resolved "https://ms-feed-2.pkgs.visualstudio.com/1es-public/_packaging/npm-public/npm/registry/degenerator/-/degenerator-5.0.1.tgz#9403bf297c6dad9a1ece409b37db27954f91f2f5"
  integrity sha1-lAO/KXxtrZoezkCbN9snlU+R8vU=
  dependencies:
    ast-types "^0.13.4"
    escodegen "^2.1.0"
    esprima "^4.0.1"

emoji-regex@^8.0.0:
  version "8.0.0"
  resolved "https://ms-feed-25.pkgs.visualstudio.com/1es-public/_packaging/npm-public/npm/registry/emoji-regex/-/emoji-regex-8.0.0.tgz#e818fd69ce5ccfcb404594f842963bf53164cc37"
  integrity sha1-6Bj9ac5cz8tARZT4QpY79TFkzDc=

end-of-stream@^1.1.0:
  version "1.4.5"
  resolved "https://ms-feed-2.pkgs.visualstudio.com/1es-public/_packaging/npm-public/npm/registry/end-of-stream/-/end-of-stream-1.4.5.tgz#7344d711dea40e0b74abc2ed49778743ccedb08c"
  integrity sha1-c0TXEd6kDgt0q8LtSXeHQ8ztsIw=
  dependencies:
    once "^1.4.0"

escalade@^3.1.1:
  version "3.2.0"
  resolved "https://ms-feed-25.pkgs.visualstudio.com/1es-public/_packaging/npm-public/npm/registry/escalade/-/escalade-3.2.0.tgz#011a3f69856ba189dffa7dc8fcce99d2a87903e5"
  integrity sha1-ARo/aYVroYnf+n3I/M6Z0qh5A+U=

escodegen@^2.1.0:
  version "2.1.0"
  resolved "https://ms-feed-25.pkgs.visualstudio.com/1es-public/_packaging/npm-public/npm/registry/escodegen/-/escodegen-2.1.0.tgz#ba93bbb7a43986d29d6041f99f5262da773e2e17"
  integrity sha1-upO7t6Q5htKdYEH5n1Ji2nc+Lhc=
  dependencies:
    esprima "^4.0.1"
    estraverse "^5.2.0"
    esutils "^2.0.2"
  optionalDependencies:
    source-map "~0.6.1"

esprima@^4.0.1:
  version "4.0.1"
  resolved "https://ms-feed-12.pkgs.visualstudio.com/1es-public/_packaging/npm-public/npm/registry/esprima/-/esprima-4.0.1.tgz#13b04cdb3e6c5d19df91ab6987a8695619b0aa71"
  integrity sha1-E7BM2z5sXRnfkatph6hpVhmwqnE=

estraverse@^5.2.0:
  version "5.3.0"
  resolved "https://ms-feed-25.pkgs.visualstudio.com/1es-public/_packaging/npm-public/npm/registry/estraverse/-/estraverse-5.3.0.tgz#2eea5290702f26ab8fe5370370ff86c965d21123"
  integrity sha1-LupSkHAvJquP5TcDcP+GyWXSESM=

esutils@^2.0.2:
  version "2.0.3"
  resolved "https://ms-feed-25.pkgs.visualstudio.com/1es-public/_packaging/npm-public/npm/registry/esutils/-/esutils-2.0.3.tgz#74d2eb4de0b8da1293711910d50775b9b710ef64"
  integrity sha1-dNLrTeC42hKTcRkQ1Qd1ubcQ72Q=

events-universal@^1.0.0:
  version "1.0.1"
  resolved "https://ms-feed-12.pkgs.visualstudio.com/1es-public/_packaging/npm-public/npm/registry/events-universal/-/events-universal-1.0.1.tgz#b56a84fd611b6610e0a2d0f09f80fdf931e2dfe6"
  integrity sha1-tWqE/WEbZhDgotDwn4D9+THi3+Y=
  dependencies:
    bare-events "^2.7.0"

extract-zip@^2.0.1:
  version "2.0.1"
  resolved "https://ms-feed-12.pkgs.visualstudio.com/1es-public/_packaging/npm-public/npm/registry/extract-zip/-/extract-zip-2.0.1.tgz#663dca56fe46df890d5f131ef4a06d22bb8ba13a"
  integrity sha1-Zj3KVv5G34kNXxMe9KBtIruLoTo=
  dependencies:
    debug "^4.1.1"
    get-stream "^5.1.0"
    yauzl "^2.10.0"
  optionalDependencies:
    "@types/yauzl" "^2.9.1"

fast-fifo@^1.2.0, fast-fifo@^1.3.2:
  version "1.3.2"
  resolved "https://ms-feed-2.pkgs.visualstudio.com/1es-public/_packaging/npm-public/npm/registry/fast-fifo/-/fast-fifo-1.3.2.tgz#286e31de96eb96d38a97899815740ba2a4f3640c"
  integrity sha1-KG4x3pbrltOKl4mYFXQLoqTzZAw=

fd-slicer@~1.1.0:
  version "1.1.0"
  resolved "https://ms-feed-2.pkgs.visualstudio.com/1es-public/_packaging/npm-public/npm/registry/fd-slicer/-/fd-slicer-1.1.0.tgz#25c7c89cb1f9077f8891bbe61d8f390eae256f1e"
  integrity sha1-JcfInLH5B3+IkbvmHY85Dq4lbx4=
  dependencies:
    pend "~1.2.0"

fsevents@2.3.2:
  version "2.3.2"
  resolved "https://ms-feed-12.pkgs.visualstudio.com/1es-public/_packaging/npm-public/npm/registry/fsevents/-/fsevents-2.3.2.tgz#8a526f78b8fdf4623b709e0b975c52c24c02fd1a"
  integrity sha1-ilJveLj99GI7cJ4Ll1xSwkwC/Ro=

get-caller-file@^2.0.5:
  version "2.0.5"
  resolved "https://ms-feed-2.pkgs.visualstudio.com/1es-public/_packaging/npm-public/npm/registry/get-caller-file/-/get-caller-file-2.0.5.tgz#4f94412a82db32f36e3b0b9741f8a97feb031f7e"
  integrity sha1-T5RBKoLbMvNuOwuXQfipf+sDH34=

get-stream@^5.1.0:
  version "5.2.0"
  resolved "https://ms-feed-12.pkgs.visualstudio.com/1es-public/_packaging/npm-public/npm/registry/get-stream/-/get-stream-5.2.0.tgz#4966a1795ee5ace65e706c4b7beb71257d6e22d3"
  integrity sha1-SWaheV7lrOZecGxLe+txJX1uItM=
  dependencies:
    pump "^3.0.0"

get-uri@^6.0.1:
  version "6.0.5"
  resolved "https://ms-feed-2.pkgs.visualstudio.com/1es-public/_packaging/npm-public/npm/registry/get-uri/-/get-uri-6.0.5.tgz#714892aa4a871db671abc5395e5e9447bc306a16"
  integrity sha1-cUiSqkqHHbZxq8U5Xl6UR7wwahY=
  dependencies:
    basic-ftp "^5.0.2"
    data-uri-to-buffer "^6.0.2"
    debug "^4.3.4"

http-proxy-agent@^7.0.0, http-proxy-agent@^7.0.1:
  version "7.0.2"
  resolved "https://ms-feed-2.pkgs.visualstudio.com/1es-public/_packaging/npm-public/npm/registry/http-proxy-agent/-/http-proxy-agent-7.0.2.tgz#9a8b1f246866c028509486585f62b8f2c18c270e"
  integrity sha1-mosfJGhmwChQlIZYX2K48sGMJw4=
  dependencies:
    agent-base "^7.1.0"
    debug "^4.3.4"

https-proxy-agent@^7.0.6:
  version "7.0.6"
  resolved "https://ms-feed-2.pkgs.visualstudio.com/1es-public/_packaging/npm-public/npm/registry/https-proxy-agent/-/https-proxy-agent-7.0.6.tgz#da8dfeac7da130b05c2ba4b59c9b6cd66611a6b9"
  integrity sha1-2o3+rH2hMLBcK6S1nJts1mYRprk=
  dependencies:
    agent-base "^7.1.2"
    debug "4"

ip-address@^10.1.1:
  version "10.2.0"
  resolved "https://ms-feed-2.pkgs.visualstudio.com/1es-public/_packaging/npm-public/npm/registry/ip-address/-/ip-address-10.2.0.tgz#805fc178b20c518bd4c8548b24fe30892d7f3206"
  integrity sha1-gF/BeLIMUYvUyFSLJP4wiS1/MgY=

is-fullwidth-code-point@^3.0.0:
  version "3.0.0"
  resolved "https://ms-feed-12.pkgs.visualstudio.com/1es-public/_packaging/npm-public/npm/registry/is-fullwidth-code-point/-/is-fullwidth-code-point-3.0.0.tgz#f116f8064fe90b3f7844a38997c0b75051269f1d"
  integrity sha1-8Rb4Bk/pCz94RKOJl8C3UFEmnx0=

lru-cache@^7.14.1:
  version "7.18.3"
  resolved "https://ms-feed-12.pkgs.visualstudio.com/1es-public/_packaging/npm-public/npm/registry/lru-cache/-/lru-cache-7.18.3.tgz#f793896e0fd0e954a59dfdd82f0773808df6aa89"
  integrity sha1-95OJbg/Q6VSlnf3YLwdzgI32qok=

ms@^2.1.3:
  version "2.1.3"
  resolved "https://ms-feed-2.pkgs.visualstudio.com/1es-public/_packaging/npm-public/npm/registry/ms/-/ms-2.1.3.tgz#574c8138ce1d2b5861f0b44579dbadd60c6615b2"
  integrity sha1-V0yBOM4dK1hh8LRFedut1gxmFbI=

netmask@^2.0.2:
  version "2.1.1"
  resolved "https://ms-feed-25.pkgs.visualstudio.com/1es-public/_packaging/npm-public/npm/registry/netmask/-/netmask-2.1.1.tgz#80043d265b53aa521b3bd01e8fcdf353f9e1e81e"
  integrity sha1-gAQ9JltTqlIbO9Aej83zU/nh6B4=

once@^1.3.1, once@^1.4.0:
  version "1.4.0"
  resolved "https://ms-feed-2.pkgs.visualstudio.com/1es-public/_packaging/npm-public/npm/registry/once/-/once-1.4.0.tgz#583b1aa775961d4b113ac17d9c50baef9dd76bd1"
  integrity sha1-WDsap3WWHUsROsF9nFC6753Xa9E=
  dependencies:
    wrappy "1"

pac-proxy-agent@^7.1.0:
  version "7.2.0"
  resolved "https://ms-feed-12.pkgs.visualstudio.com/1es-public/_packaging/npm-public/npm/registry/pac-proxy-agent/-/pac-proxy-agent-7.2.0.tgz#9cfaf33ff25da36f6147a20844230ec92c06e5df"
  integrity sha1-nPrzP/Jdo29hR6IIRCMOySwG5d8=
  dependencies:
    "@tootallnate/quickjs-emscripten" "^0.23.0"
    agent-base "^7.1.2"
    debug "^4.3.4"
    get-uri "^6.0.1"
    http-proxy-agent "^7.0.0"
    https-proxy-agent "^7.0.6"
    pac-resolver "^7.0.1"
    socks-proxy-agent "^8.0.5"

pac-resolver@^7.0.1:
  version "7.0.1"
  resolved "https://ms-feed-2.pkgs.visualstudio.com/1es-public/_packaging/npm-public/npm/registry/pac-resolver/-/pac-resolver-7.0.1.tgz#54675558ea368b64d210fd9c92a640b5f3b8abb6"
  integrity sha1-VGdVWOo2i2TSEP2ckqZAtfO4q7Y=
  dependencies:
    degenerator "^5.0.0"
    netmask "^2.0.2"

pend@~1.2.0:
  version "1.2.0"
  resolved "https://ms-feed-12.pkgs.visualstudio.com/1es-public/_packaging/npm-public/npm/registry/pend/-/pend-1.2.0.tgz#7a57eb550a6783f9115331fcf4663d5c8e007a50"
  integrity sha1-elfrVQpng/kRUzH89GY9XI4AelA=

playwright-core@1.61.1:
  version "1.61.1"
  resolved "https://ms-feed-12.pkgs.visualstudio.com/1es-public/_packaging/npm-public/npm/registry/playwright-core/-/playwright-core-1.61.1.tgz#3c99841307efbbabc9d724c41a88c914705d15fc"
  integrity sha1-PJmEEwfvu6vJ1yTEGojJFHBdFfw=

playwright@1.61.1:
  version "1.61.1"
  resolved "https://ms-feed-2.pkgs.visualstudio.com/1es-public/_packaging/npm-public/npm/registry/playwright/-/playwright-1.61.1.tgz#d8c0c06eb93c28981afc747bace453bdbd5018bc"
  integrity sha1-2MDAbrk8KJga/HR7rORTvb1QGLw=
  dependencies:
    playwright-core "1.61.1"
  optionalDependencies:
    fsevents "2.3.2"

progress@^2.0.3:
  version "2.0.3"
  resolved "https://ms-feed-2.pkgs.visualstudio.com/1es-public/_packaging/npm-public/npm/registry/progress/-/progress-2.0.3.tgz#7e8cf8d8f5b8f239c1bc68beb4eb78567d572ef8"
  integrity sha1-foz42PW48jnBvGi+tOt4Vn1XLvg=

proxy-agent@^6.5.0:
  version "6.5.0"
  resolved "https://ms-feed-2.pkgs.visualstudio.com/1es-public/_packaging/npm-public/npm/registry/proxy-agent/-/proxy-agent-6.5.0.tgz#9e49acba8e4ee234aacb539f89ed9c23d02f232d"
  integrity sha1-nkmsuo5O4jSqy1Ofie2cI9AvIy0=
  dependencies:
    agent-base "^7.1.2"
    debug "^4.3.4"
    http-proxy-agent "^7.0.1"
    https-proxy-agent "^7.0.6"
    lru-cache "^7.14.1"
    pac-proxy-agent "^7.1.0"
    proxy-from-env "^1.1.0"
    socks-proxy-agent "^8.0.5"

proxy-from-env@^1.1.0:
  version "1.1.0"
  resolved "https://ms-feed-25.pkgs.visualstudio.com/1es-public/_packaging/npm-public/npm/registry/proxy-from-env/-/proxy-from-env-1.1.0.tgz#e102f16ca355424865755d2c9e8ea4f24d58c3e2"
  integrity sha1-4QLxbKNVQkhldV0sno6k8k1Yw+I=

pump@^3.0.0:
  version "3.0.4"
  resolved "https://ms-feed-25.pkgs.visualstudio.com/1es-public/_packaging/npm-public/npm/registry/pump/-/pump-3.0.4.tgz#1f313430527fa8b905622ebd22fe1444e757ab3c"
  integrity sha1-HzE0MFJ/qLkFYi69Iv4UROdXqzw=
  dependencies:
    end-of-stream "^1.1.0"
    once "^1.3.1"

require-directory@^2.1.1:
  version "2.1.1"
  resolved "https://ms-feed-25.pkgs.visualstudio.com/1es-public/_packaging/npm-public/npm/registry/require-directory/-/require-directory-2.1.1.tgz#8c64ad5fd30dab1c976e2344ffe7f792a6a6df42"
  integrity sha1-jGStX9MNqxyXbiNE/+f3kqam30I=

semver@^7.7.4:
  version "7.8.5"
  resolved "https://ms-feed-12.pkgs.visualstudio.com/1es-public/_packaging/npm-public/npm/registry/semver/-/semver-7.8.5.tgz#39b646037dd50c14fb451e7e4cac58ed8b863f69"
  integrity sha1-ObZGA33VDBT7RR5+TKxY7YuGP2k=

smart-buffer@^4.2.0:
  version "4.2.0"
  resolved "https://ms-feed-12.pkgs.visualstudio.com/1es-public/_packaging/npm-public/npm/registry/smart-buffer/-/smart-buffer-4.2.0.tgz#6e1d71fa4f18c05f7d0ff216dd16a481d0e8d9ae"
  integrity sha1-bh1x+k8YwF99D/IW3RakgdDo2a4=

socks-proxy-agent@^8.0.5:
  version "8.0.5"
  resolved "https://ms-feed-12.pkgs.visualstudio.com/1es-public/_packaging/npm-public/npm/registry/socks-proxy-agent/-/socks-proxy-agent-8.0.5.tgz#b9cdb4e7e998509d7659d689ce7697ac21645bee"
  integrity sha1-uc205+mYUJ12WdaJznaXrCFkW+4=
  dependencies:
    agent-base "^7.1.2"
    debug "^4.3.4"
    socks "^2.8.3"

socks@^2.8.3:
  version "2.8.9"
  resolved "https://ms-feed-25.pkgs.visualstudio.com/1es-public/_packaging/npm-public/npm/registry/socks/-/socks-2.8.9.tgz#aa5f130ca0f88a43fa44faf4869c50d22aa27752"
  integrity sha1-ql8TDKD4ikP6RPr0hpxQ0iqid1I=
  dependencies:
    ip-address "^10.1.1"
    smart-buffer "^4.2.0"

source-map@~0.6.1:
  version "0.6.1"
  resolved "https://ms-feed-25.pkgs.visualstudio.com/1es-public/_packaging/npm-public/npm/registry/source-map/-/source-map-0.6.1.tgz#74722af32e9614e9c287a8d0bbde48b5e2f1a263"
  integrity sha1-dHIq8y6WFOnCh6jQu95IteLxomM=

streamx@^2.12.5, streamx@^2.15.0, streamx@^2.25.0:
  version "2.28.0"
  resolved "https://ms-feed-25.pkgs.visualstudio.com/1es-public/_packaging/npm-public/npm/registry/streamx/-/streamx-2.28.0.tgz#035ab56057b7ed2211b51d532e6973f0f99fbf11"
  integrity sha1-A1q1YFe37SIRtR1TLmlz8PmfvxE=
  dependencies:
    events-universal "^1.0.0"
    fast-fifo "^1.3.2"
    text-decoder "^1.1.0"

string-width@^4.1.0, string-width@^4.2.0, string-width@^4.2.3:
  version "4.2.3"
  resolved "https://ms-feed-2.pkgs.visualstudio.com/1es-public/_packaging/npm-public/npm/registry/string-width/-/string-width-4.2.3.tgz#269c7117d27b05ad2e536830a8ec895ef9c6d010"
  integrity sha1-JpxxF9J7Ba0uU2gwqOyJXvnG0BA=
  dependencies:
    emoji-regex "^8.0.0"
    is-fullwidth-code-point "^3.0.0"
    strip-ansi "^6.0.1"

strip-ansi@^6.0.0, strip-ansi@^6.0.1:
  version "6.0.1"
  resolved "https://ms-feed-2.pkgs.visualstudio.com/1es-public/_packaging/npm-public/npm/registry/strip-ansi/-/strip-ansi-6.0.1.tgz#9e26c63d30f53443e9489495b2105d37b67a85d9"
  integrity sha1-nibGPTD1NEPpSJSVshBdN7Z6hdk=
  dependencies:
    ansi-regex "^5.0.1"

tar-fs@^3.1.1:
  version "3.1.3"
  resolved "https://ms-feed-12.pkgs.visualstudio.com/1es-public/_packaging/npm-public/npm/registry/tar-fs/-/tar-fs-3.1.3.tgz#05668cc68a30741c3813f9c16593b8dec7dcbcd1"
  integrity sha1-BWaMxoowdBw4E/nBZZO43sfcvNE=
  dependencies:
    pump "^3.0.0"
    tar-stream "^3.1.5"
  optionalDependencies:
    bare-fs "^4.0.1"
    bare-path "^3.0.0"

tar-stream@^3.1.5:
  version "3.2.0"
  resolved "https://ms-feed-12.pkgs.visualstudio.com/1es-public/_packaging/npm-public/npm/registry/tar-stream/-/tar-stream-3.2.0.tgz#0d0064d9b67ea3c9f5abde155e35faab0df37591"
  integrity sha1-DQBk2bZ+o8n1q94VXjX6qw3zdZE=
  dependencies:
    b4a "^1.6.4"
    bare-fs "^4.5.5"
    fast-fifo "^1.2.0"
    streamx "^2.15.0"

teex@^1.0.1:
  version "1.0.1"
  resolved "https://ms-feed-25.pkgs.visualstudio.com/1es-public/_packaging/npm-public/npm/registry/teex/-/teex-1.0.1.tgz#b8fa7245ef8e8effa8078281946c85ab780a0b12"
  integrity sha1-uPpyRe+Ojv+oB4KBlGyFq3gKCxI=
  dependencies:
    streamx "^2.12.5"

text-decoder@^1.1.0:
  version "1.2.7"
  resolved "https://ms-feed-2.pkgs.visualstudio.com/1es-public/_packaging/npm-public/npm/registry/text-decoder/-/text-decoder-1.2.7.tgz#5d073a9a74b9c0a9d28dfadcab96b604af57d8ba"
  integrity sha1-XQc6mnS5wKnSjfrcq5a2BK9X2Lo=
  dependencies:
    b4a "^1.6.4"

tslib@^2.0.1:
  version "2.8.1"
  resolved "https://ms-feed-2.pkgs.visualstudio.com/1es-public/_packaging/npm-public/npm/registry/tslib/-/tslib-2.8.1.tgz#612efe4ed235d567e8aba5f2a5fab70280ade83f"
  integrity sha1-YS7+TtI11Wfoq6Xypfq3AoCt6D8=

typescript@^6.0.3:
  version "6.0.3"
  resolved "https://ms-feed-12.pkgs.visualstudio.com/1es-public/_packaging/npm-public/npm/registry/typescript/-/typescript-6.0.3.tgz#90251dc007916e972786cb94d74d15b185577d21"
  integrity sha1-kCUdwAeRbpcnhsuU100VsYVXfSE=

undici-types@~6.21.0:
  version "6.21.0"
  resolved "https://ms-feed-12.pkgs.visualstudio.com/1es-public/_packaging/npm-public/npm/registry/undici-types/-/undici-types-6.21.0.tgz#691d00af3909be93a7faa13be61b3a5b50ef12cb"
  integrity sha1-aR0ArzkJvpOn+qE75hs6W1DvEss=

undici-types@~8.3.0:
  version "8.3.0"
  resolved "https://ms-feed-12.pkgs.visualstudio.com/1es-public/_packaging/npm-public/npm/registry/undici-types/-/undici-types-8.3.0.tgz#44e9fc9f3244648cdea35e4f9bb2d681e9410809"
  integrity sha1-ROn8nzJEZIzeo15Pm7LWgelBCAk=

wrap-ansi@^7.0.0:
  version "7.0.0"
  resolved "https://ms-feed-25.pkgs.visualstudio.com/1es-public/_packaging/npm-public/npm/registry/wrap-ansi/-/wrap-ansi-7.0.0.tgz#67e145cff510a6a6984bdf1152911d69d2eb9e43"
  integrity sha1-Z+FFz/UQpqaYS98RUpEdadLrnkM=
  dependencies:
    ansi-styles "^4.0.0"
    string-width "^4.1.0"
    strip-ansi "^6.0.0"

wrappy@1:
  version "1.0.2"
  resolved "https://ms-feed-2.pkgs.visualstudio.com/1es-public/_packaging/npm-public/npm/registry/wrappy/-/wrappy-1.0.2.tgz#b5243d8f3ec1aa35f1364605bc0d1036e30ab69f"
  integrity sha1-tSQ9jz7BqjXxNkYFvA0QNuMKtp8=

y18n@^5.0.5:
  version "5.0.8"
  resolved "https://ms-feed-25.pkgs.visualstudio.com/1es-public/_packaging/npm-public/npm/registry/y18n/-/y18n-5.0.8.tgz#7f4934d0f7ca8c56f95314939ddcd2dd91ce1d55"
  integrity sha1-f0k00PfKjFb5UxSTndzS3ZHOHVU=

yargs-parser@^21.1.1:
  version "21.1.1"
  resolved "https://ms-feed-12.pkgs.visualstudio.com/1es-public/_packaging/npm-public/npm/registry/yargs-parser/-/yargs-parser-21.1.1.tgz#9096bceebf990d21bb31fa9516e0ede294a77d35"
  integrity sha1-kJa87r+ZDSG7MfqVFuDt4pSnfTU=

yargs@^17.0.0, yargs@^17.7.2:
  version "17.7.3"
  resolved "https://ms-feed-2.pkgs.visualstudio.com/1es-public/_packaging/npm-public/npm/registry/yargs/-/yargs-17.7.3.tgz#779dffe6bcafec596a7172e983289a588647faaa"
  integrity sha1-d53/5ryv7FlqcXLpgyiaWIZH+qo=
  dependencies:
    cliui "^8.0.1"
    escalade "^3.1.1"
    get-caller-file "^2.0.5"
    require-directory "^2.1.1"
    string-width "^4.2.3"
    y18n "^5.0.5"
    yargs-parser "^21.1.1"

yauzl@^2.10.0:
  version "2.10.0"
  resolved "https://ms-feed-2.pkgs.visualstudio.com/1es-public/_packaging/npm-public/npm/registry/yauzl/-/yauzl-2.10.0.tgz#c7eb17c93e112cb1086fa6d8e51fb0667b79a5f9"
  integrity sha1-x+sXyT4RLLEIb6bY5R+wZnt5pfk=
  dependencies:
    buffer-crc32 "~0.2.3"
    fd-slicer "~1.1.0"
