
Microsoft Visual Studio Solution File, Format Version 12.00
# Visual Studio Version 16
VisualStudioVersion = 16.0.29201.188
MinimumVisualStudioVersion = 10.0.40219.1
Project("{FAE04EC0-301F-11D3-BF4B-00C04F79EFBC}") = "CSharpSeleniumWebdriverSample", "CSharpSeleniumWebdriverSample\CSharpSeleniumWebdriverSample.csproj", "{31793188-E135-4460-BF71-9B2B39C86AAE}"
EndProject
Global
	GlobalSection(SolutionConfigurationPlatforms) = preSolution
		Debug|Any CPU = Debug|Any CPU
		Release|Any CPU = Release|Any CPU
	EndGlobalSection
	GlobalSection(ProjectConfigurationPlatforms) = postSolution
		{31793188-E135-4460-BF71-9B2B39C86AAE}.Debug|Any CPU.ActiveCfg = Debug|Any CPU
		{31793188-E135-4460-BF71-9B2B39C86AAE}.Debug|Any CPU.Build.0 = Debug|Any CPU
		{31793188-E135-4460-BF71-9B2B39C86AAE}.Release|Any CPU.ActiveCfg = Release|Any CPU
		{31793188-E135-4460-BF71-9B2B39C86AAE}.Release|Any CPU.Build.0 = Release|Any CPU
	EndGlobalSection
	GlobalSection(SolutionProperties) = preSolution
		HideSolutionNode = FALSE
	EndGlobalSection
	GlobalSection(ExtensibilityGlobals) = postSolution
		SolutionGuid = {19EB2CBB-7610-443C-A592-C8192E8DD220}
	EndGlobalSection
EndGlobal
